{
  "nodes": {
    "emacs-overlay": {
      "locked": {
        "lastModified": 1630746807,
        "narHash": "sha256-l30gDY9EQbaTaXTehjLgmnGeCUL0sGpD+KsI2WnCsdI=",
        "owner": "nix-community",
        "repo": "emacs-overlay",
        "rev": "77da5f7db124ac4e9c0d1228647f20c01e5498f9",
        "type": "github"
      },
      "original": {
        "owner": "nix-community",
        "repo": "emacs-overlay",
        "type": "github"
      }
    },
    "flake-utils": {
      "locked": {
        "lastModified": 1629481132,
        "narHash": "sha256-JHgasjPR0/J1J3DRm4KxM4zTyAj4IOJY8vIl75v/kPI=",
        "owner": "numtide",
        "repo": "flake-utils",
        "rev": "997f7efcb746a9c140ce1f13c72263189225f482",
        "type": "github"
      },
      "original": {
        "owner": "numtide",
        "repo": "flake-utils",
        "type": "github"
      }
    },
    "home-manager": {
      "inputs": {
        "nixpkgs": [
          "nixpkgs"
        ]
      },
      "locked": {
        "lastModified": 1630428740,
        "narHash": "sha256-394yJxkFjvg47vB0jK5WHCitLDilyGjO3HpuZkAM2GA=",
        "owner": "nix-community",
        "repo": "home-manager",
        "rev": "21a2ff449620a9cb91802f9d1a9157b2ae8c6b39",
        "type": "github"
      },
      "original": {
        "owner": "nix-community",
        "repo": "home-manager",
        "type": "github"
      }
    },
    "home-manager_2": {
      "inputs": {
        "nixpkgs": [
          "nixpkgs"
        ]
      },
      "locked": {
        "lastModified": 1630428740,
        "narHash": "sha256-394yJxkFjvg47vB0jK5WHCitLDilyGjO3HpuZkAM2GA=",
        "owner": "nix-community",
        "repo": "home-manager",
        "rev": "21a2ff449620a9cb91802f9d1a9157b2ae8c6b39",
        "type": "github"
      },
      "original": {
        "owner": "nix-community",
        "repo": "home-manager",
        "type": "github"
      }
    },
    "nix-on-droid": {
      "inputs": {
        "flake-utils": "flake-utils",
        "home-manager": "home-manager_2",
        "nixpkgs": [
          "nixpkgs"
        ]
      },
      "locked": {
        "lastModified": 1627416063,
        "narHash": "sha256-M7u36x4EUSqdLD6e2D0FtU4ibQIg3cs1PK4jOj/QfVI=",
        "owner": "t184256",
        "repo": "nix-on-droid",
        "rev": "97e1e71b8416484755e0c864d68e970a79aee168",
        "type": "github"
      },
      "original": {
        "owner": "t184256",
        "ref": "master",
        "repo": "nix-on-droid",
        "type": "github"
      }
    },
    "nixos-hardware": {
      "locked": {
        "lastModified": 1629975021,
        "narHash": "sha256-+z4pK5yvoIKAIPGnyxt7I7Y9yX72HFP2krppGENpn6I=",
        "owner": "nixos",
        "repo": "nixos-hardware",
        "rev": "342048461da7fc743e588ee744080c045613a226",
        "type": "github"
      },
      "original": {
        "owner": "nixos",
        "repo": "nixos-hardware",
        "type": "github"
      }
    },
    "nixpkgs": {
      "locked": {
        "lastModified": 1630600546,
        "narHash": "sha256-RFqEv59bWpds9Ymo757GgHB9S3nJFra96ySW1YptNuQ=",
        "owner": "NixOS",
        "repo": "nixpkgs",
        "rev": "4194d02deb6c3bd60dffe752b4b788570553a649",
        "type": "github"
      },
      "original": {
        "id": "nixpkgs",
        "ref": "nixos-unstable",
        "type": "indirect"
      }
    },
    "nixpkgs-unstable": {
      "locked": {
        "lastModified": 1630759535,
        "narHash": "sha256-eOUcLlDf/2485d0jUcYVZcJeeU8xlSXIefIiaHZjedQ=",
        "owner": "NixOS",
        "repo": "nixpkgs",
        "rev": "af5e8773c8ead706b4976f065cb5bb64135dc77d",
        "type": "github"
      },
      "original": {
        "id": "nixpkgs",
        "ref": "master",
        "type": "indirect"
      }
    },
    "root": {
      "inputs": {
        "emacs-overlay": "emacs-overlay",
        "home-manager": "home-manager",
        "nix-on-droid": "nix-on-droid",
        "nixos-hardware": "nixos-hardware",
        "nixpkgs": "nixpkgs",
        "nixpkgs-unstable": "nixpkgs-unstable"
      }
    }
  },
  "root": "root",
  "version": 7
}
