{
  "nodes": {
    "emacs-overlay": {
      "locked": {
        "lastModified": 1649357391,
        "narHash": "sha256-B9Vw37vqARWlB9nd3fREk05kAtE7cQcbhh7wHpD9xA0=",
        "owner": "nix-community",
        "repo": "emacs-overlay",
        "rev": "25df8845f053e0f6062808e537b23934b102a0f7",
        "type": "github"
      },
      "original": {
        "owner": "nix-community",
        "repo": "emacs-overlay",
        "type": "github"
      }
    },
    "flake-utils": {
      "locked": {
        "lastModified": 1648297722,
        "narHash": "sha256-W+qlPsiZd8F3XkzXOzAoR+mpFqzm3ekQkJNa+PIh1BQ=",
        "owner": "numtide",
        "repo": "flake-utils",
        "rev": "0f8662f1319ad6abf89b3380dd2722369fc51ade",
        "type": "github"
      },
      "original": {
        "owner": "numtide",
        "repo": "flake-utils",
        "type": "github"
      }
    },
    "home-manager": {
      "inputs": {
        "nixpkgs": [
          "nixpkgs"
        ]
      },
      "locked": {
        "lastModified": 1649369183,
        "narHash": "sha256-peE/lM2YMMgE0tKDVTVhhGTEyrWp0Z15DfoabuqsQkM=",
        "owner": "nix-community",
        "repo": "home-manager",
        "rev": "55779b20cd5a57cae3e1f8508f93fdd7ffdc5826",
        "type": "github"
      },
      "original": {
        "owner": "nix-community",
        "repo": "home-manager",
        "type": "github"
      }
    },
    "home-manager_2": {
      "inputs": {
        "nixpkgs": [
          "nix-on-droid",
          "nixpkgs"
        ]
      },
      "locked": {
        "lastModified": 1649369183,
        "narHash": "sha256-peE/lM2YMMgE0tKDVTVhhGTEyrWp0Z15DfoabuqsQkM=",
        "owner": "nix-community",
        "repo": "home-manager",
        "rev": "55779b20cd5a57cae3e1f8508f93fdd7ffdc5826",
        "type": "github"
      },
      "original": {
        "owner": "nix-community",
        "repo": "home-manager",
        "type": "github"
      }
    },
    "nix-on-droid": {
      "inputs": {
        "flake-utils": "flake-utils",
        "home-manager": "home-manager_2",
        "nixpkgs": [
          "nixpkgs"
        ]
      },
      "locked": {
        "lastModified": 1641155977,
        "narHash": "sha256-50h+3soki1I+plc+4gzzvO2yaGg/8UDsLNQotXg649c=",
        "owner": "t184256",
        "repo": "nix-on-droid",
        "rev": "07c4406897104c7be56094b0865e4c37aa72ec8f",
        "type": "github"
      },
      "original": {
        "owner": "t184256",
        "ref": "master",
        "repo": "nix-on-droid",
        "type": "github"
      }
    },
    "nixos-hardware": {
      "locked": {
        "lastModified": 1648141026,
        "narHash": "sha256-h8e3+5EZFbYHTMb0DN2ACuQTJBNHpqigvmEV1w2WIuE=",
        "owner": "nixos",
        "repo": "nixos-hardware",
        "rev": "feceb4d24f582817d8f6e737cd40af9e162dee05",
        "type": "github"
      },
      "original": {
        "owner": "nixos",
        "repo": "nixos-hardware",
        "type": "github"
      }
    },
    "nixpkgs": {
      "locked": {
        "lastModified": 1649225869,
        "narHash": "sha256-u1zLtPmQzhT9mNXyM8Ey9pk7orDrIKdwooeGDEXm5xM=",
        "owner": "NixOS",
        "repo": "nixpkgs",
        "rev": "b6966d911da89e5a7301aaef8b4f0a44c77e103c",
        "type": "github"
      },
      "original": {
        "id": "nixpkgs",
        "ref": "nixos-unstable",
        "type": "indirect"
      }
    },
    "nixpkgs-unstable": {
      "locked": {
        "lastModified": 1649369361,
        "narHash": "sha256-WLbe2oXro0Pwss8L1Y+oGSPunjjvcD7+WkVgXzvwfqE=",
        "owner": "NixOS",
        "repo": "nixpkgs",
        "rev": "e25f6fd6209b8016eaf07bbe006155878deba7db",
        "type": "github"
      },
      "original": {
        "id": "nixpkgs",
        "ref": "master",
        "type": "indirect"
      }
    },
    "root": {
      "inputs": {
        "emacs-overlay": "emacs-overlay",
        "home-manager": "home-manager",
        "nix-on-droid": "nix-on-droid",
        "nixos-hardware": "nixos-hardware",
        "nixpkgs": "nixpkgs",
        "nixpkgs-unstable": "nixpkgs-unstable"
      }
    }
  },
  "root": "root",
  "version": 7
}
